{
    "name": "pyodide_tests",
    "version": "0.0.0",
    "lockfileVersion": 3,
    "requires": true,
    "packages": {
        "": {
            "name": "pyodide_tests",
            "version": "0.0.0",
            "dependencies": {
                "pyodide": "^0.26"
            }
        },
        "node_modules/pyodide": {
            "version": "0.26.3",
            "resolved": "https://registry.npmjs.org/pyodide/-/pyodide-0.26.3.tgz",
            "integrity": "sha512-cRe9CswiTNTIypOr/RtTb+aR8SxA6KG8aEf3i0OK0nzINLzF4jfVpV5DK2BwP3808ipxoL+ZrnUIjwN5wC8tCw==",
            "license": "Apache-2.0",
            "dependencies": {
                "ws": "^8.5.0"
            },
            "engines": {
                "node": ">=18.0.0"
            }
        },
        "node_modules/ws": {
            "version": "8.18.0",
            "resolved": "https://registry.npmjs.org/ws/-/ws-8.18.0.tgz",
            "integrity": "sha512-8VbfWfHLbbwu3+N6OKsOMpBdT4kXPDDB9cJk2bJ6mh9ucxdlnNvH1e+roYkKmN9Nxw2yjz7VzeO9oOz2zJ04Pw==",
            "license": "MIT",
            "engines": {
                "node": ">=10.0.0"
            },
            "peerDependencies": {
                "bufferutil": "^4.0.1",
                "utf-8-validate": ">=5.0.2"
            },
            "peerDependenciesMeta": {
                "bufferutil": {
                    "optional": true
                },
                "utf-8-validate": {
                    "optional": true
                }
            }
        }
    }
}
