{
    "name": "pyodide_tests",
    "version": "0.0.0",
    "lockfileVersion": 3,
    "requires": true,
    "packages": {
        "": {
            "name": "pyodide_tests",
            "version": "0.0.0",
            "dependencies": {
                "pyodide": "^0.24.1"
            }
        },
        "node_modules/base-64": {
            "version": "1.0.0",
            "resolved": "https://registry.npmjs.org/base-64/-/base-64-1.0.0.tgz",
            "integrity": "sha512-kwDPIFCGx0NZHog36dj+tHiwP4QMzsZ3AgMViUBKI0+V5n4U0ufTCUMhnQ04diaRI8EX/QcPfql7zlhZ7j4zgg=="
        },
        "node_modules/pyodide": {
            "version": "0.24.1",
            "resolved": "https://registry.npmjs.org/pyodide/-/pyodide-0.24.1.tgz",
            "integrity": "sha512-fkNolNwiv41E2KKCP2bgW+dwr95B+0KSC/WG9WCmlWM9MNFbRVX0rF9i4OikRM78bGeVUvLdVJw8jY17wxKoRQ==",
            "dependencies": {
                "base-64": "^1.0.0",
                "ws": "^8.5.0"
            }
        },
        "node_modules/ws": {
            "version": "8.16.0",
            "resolved": "https://registry.npmjs.org/ws/-/ws-8.16.0.tgz",
            "integrity": "sha512-HS0c//TP7Ina87TfiPUz1rQzMhHrl/SG2guqRcTOIUYD2q8uhUdNHZYJUaQ8aTGPzCh+c6oawMKW35nFl1dxyQ==",
            "engines": {
                "node": ">=10.0.0"
            },
            "peerDependencies": {
                "bufferutil": "^4.0.1",
                "utf-8-validate": ">=5.0.2"
            },
            "peerDependenciesMeta": {
                "bufferutil": {
                    "optional": true
                },
                "utf-8-validate": {
                    "optional": true
                }
            }
        }
    }
}
